
Microsoft Visual Studio Solution File, Format Version 12.00
# Visual Studio Version 17
VisualStudioVersion = 17.8.34330.188
MinimumVisualStudioVersion = 10.0.40219.1
Project("{FAE04EC0-301F-11D3-BF4B-00C04F79EFBC}") = "DocxComment", "DocxComment\DocxComment.csproj", "{AEE83D54-13B7-4835-B105-4305378A0CBD}"
EndProject
Global
	GlobalSection(SolutionConfigurationPlatforms) = preSolution
		Debug|Any CPU = Debug|Any CPU
		Release|Any CPU = Release|Any CPU
	EndGlobalSection
	GlobalSection(ProjectConfigurationPlatforms) = postSolution
		{AEE83D54-13B7-4835-B105-4305378A0CBD}.Debug|Any CPU.ActiveCfg = Debug|Any CPU
		{AEE83D54-13B7-4835-B105-4305378A0CBD}.Debug|Any CPU.Build.0 = Debug|Any CPU
		{AEE83D54-13B7-4835-B105-4305378A0CBD}.Release|Any CPU.ActiveCfg = Release|Any CPU
		{AEE83D54-13B7-4835-B105-4305378A0CBD}.Release|Any CPU.Build.0 = Release|Any CPU
	EndGlobalSection
	GlobalSection(SolutionProperties) = preSolution
		HideSolutionNode = FALSE
	EndGlobalSection
	GlobalSection(ExtensibilityGlobals) = postSolution
		SolutionGuid = {398CEEFD-BD72-4A4D-AD5B-675DCAA4677B}
	EndGlobalSection
EndGlobal
